// !$*UTF8*$!
{
	archiveVersion = 1;
	classes = {
	};
	objectVersion = 56;
	objects = {

/* Begin PBXBuildFile section */
		7F22F26B2BCD006D00DE88F9 /* Upload2View.swift in Sources */ = {isa = PBXBuildFile; fileRef = 7F22F26A2BCD006D00DE88F9 /* Upload2View.swift */; };
		7F22F2992BCD634500DE88F9 /* DesignTextView.swift in Sources */ = {isa = PBXBuildFile; fileRef = 7F22F2982BCD634400DE88F9 /* DesignTextView.swift */; };
		7F22F3012BCE9F2800DE88F9 /* Reference.swift in Sources */ = {isa = PBXBuildFile; fileRef = 7F22F3002BCE9F2800DE88F9 /* Reference.swift */; };
		7F79EB9F2BCA4B3500844F30 /* Main1View.swift in Sources */ = {isa = PBXBuildFile; fileRef = 7F79EB9E2BCA4B3500844F30 /* Main1View.swift */; };
		7F8EC9BF2BCF8F9F00D98C88 /* DesignText.swift in Sources */ = {isa = PBXBuildFile; fileRef = 7F8EC9BE2BCF8F9F00D98C88 /* DesignText.swift */; };
		7F9B6B132BC8037E00577022 /* My_Design_DiaryApp.swift in Sources */ = {isa = PBXBuildFile; fileRef = 7F9B6B122BC8037E00577022 /* My_Design_DiaryApp.swift */; };
		7F9B6B152BC8037E00577022 /* ContentView.swift in Sources */ = {isa = PBXBuildFile; fileRef = 7F9B6B142BC8037E00577022 /* ContentView.swift */; };
		7F9B6B172BC8037F00577022 /* Assets.xcassets in Resources */ = {isa = PBXBuildFile; fileRef = 7F9B6B162BC8037F00577022 /* Assets.xcassets */; };
		7F9B6B1A2BC8037F00577022 /* Preview Assets.xcassets in Resources */ = {isa = PBXBuildFile; fileRef = 7F9B6B192BC8037F00577022 /* Preview Assets.xcassets */; };
		7F9B6B242BC8037F00577022 /* My_Design_DairyTests.swift in Sources */ = {isa = PBXBuildFile; fileRef = 7F9B6B232BC8037F00577022 /* My_Design_DairyTests.swift */; };
		7F9B6B2E2BC8037F00577022 /* My_Design_DairyUITests.swift in Sources */ = {isa = PBXBuildFile; fileRef = 7F9B6B2D2BC8037F00577022 /* My_Design_DairyUITests.swift */; };
		7F9B6B302BC8037F00577022 /* My_Design_DairyUITestsLaunchTests.swift in Sources */ = {isa = PBXBuildFile; fileRef = 7F9B6B2F2BC8037F00577022 /* My_Design_DairyUITestsLaunchTests.swift */; };
		7FA028272BD0A808008FCC3C /* DesignDetailView.swift in Sources */ = {isa = PBXBuildFile; fileRef = 7FA028262BD0A808008FCC3C /* DesignDetailView.swift */; };
		7FDA6BFE2BC8F9AF00CDC71A /* SF-Pro-Text-Regular.otf in Resources */ = {isa = PBXBuildFile; fileRef = 7FDA6BFD2BC8F9AF00CDC71A /* SF-Pro-Text-Regular.otf */; };
		7FDA6C002BC8F9C700CDC71A /* SF-Pro-Text-Thin.otf in Resources */ = {isa = PBXBuildFile; fileRef = 7FDA6BFF2BC8F9C700CDC71A /* SF-Pro-Text-Thin.otf */; };
		7FDA6C022BC8F9D700CDC71A /* SF-Pro-Text-Medium.otf in Resources */ = {isa = PBXBuildFile; fileRef = 7FDA6C012BC8F9D700CDC71A /* SF-Pro-Text-Medium.otf */; };
		7FDA6C042BC8F9EA00CDC71A /* SF-Pro-Text-Semibold.otf in Resources */ = {isa = PBXBuildFile; fileRef = 7FDA6C032BC8F9EA00CDC71A /* SF-Pro-Text-Semibold.otf */; };
		7FDA6C062BC8F9FD00CDC71A /* SF-Pro-Text-Bold.otf in Resources */ = {isa = PBXBuildFile; fileRef = 7FDA6C052BC8F9FD00CDC71A /* SF-Pro-Text-Bold.otf */; };
		7FDA6C082BC9061A00CDC71A /* Pretendard-Medium.otf in Resources */ = {isa = PBXBuildFile; fileRef = 7FDA6C072BC9061A00CDC71A /* Pretendard-Medium.otf */; };
		7FDA6C0A2BC9062400CDC71A /* Pretendard-Bold.otf in Resources */ = {isa = PBXBuildFile; fileRef = 7FDA6C092BC9062400CDC71A /* Pretendard-Bold.otf */; };
		7FDA6C0C2BC9185F00CDC71A /* ReferenceView.swift in Sources */ = {isa = PBXBuildFile; fileRef = 7FDA6C0B2BC9185F00CDC71A /* ReferenceView.swift */; };
		7FDA6C0E2BC9187100CDC71A /* DesignView.swift in Sources */ = {isa = PBXBuildFile; fileRef = 7FDA6C0D2BC9187100CDC71A /* DesignView.swift */; };
		7FDA6C102BC9187E00CDC71A /* MyView.swift in Sources */ = {isa = PBXBuildFile; fileRef = 7FDA6C0F2BC9187E00CDC71A /* MyView.swift */; };
		7FDA6C122BCA2EEA00CDC71A /* MainView.swift in Sources */ = {isa = PBXBuildFile; fileRef = 7FDA6C112BCA2EEA00CDC71A /* MainView.swift */; };
		7FDA6C142BCA325400CDC71A /* UploadView.swift in Sources */ = {isa = PBXBuildFile; fileRef = 7FDA6C132BCA325400CDC71A /* UploadView.swift */; };
		7FF8AF252BCAA0C30009A30E /* UploadTextView.swift in Sources */ = {isa = PBXBuildFile; fileRef = 7FF8AF242BCAA0C30009A30E /* UploadTextView.swift */; };
/* End PBXBuildFile section */

/* Begin PBXContainerItemProxy section */
		7F9B6B202BC8037F00577022 /* PBXContainerItemProxy */ = {
			isa = PBXContainerItemProxy;
			containerPortal = 7F9B6B072BC8037E00577022 /* Project object */;
			proxyType = 1;
			remoteGlobalIDString = 7F9B6B0E2BC8037E00577022;
			remoteInfo = "My Design Dairy";
		};
		7F9B6B2A2BC8037F00577022 /* PBXContainerItemProxy */ = {
			isa = PBXContainerItemProxy;
			containerPortal = 7F9B6B072BC8037E00577022 /* Project object */;
			proxyType = 1;
			remoteGlobalIDString = 7F9B6B0E2BC8037E00577022;
			remoteInfo = "My Design Dairy";
		};
/* End PBXContainerItemProxy section */

/* Begin PBXFileReference section */
		7F22F26A2BCD006D00DE88F9 /* Upload2View.swift */ = {isa = PBXFileReference; lastKnownFileType = sourcecode.swift; path = Upload2View.swift; sourceTree = "<group>"; };
		7F22F2982BCD634400DE88F9 /* DesignTextView.swift */ = {isa = PBXFileReference; lastKnownFileType = sourcecode.swift; path = DesignTextView.swift; sourceTree = "<group>"; };
		7F22F3002BCE9F2800DE88F9 /* Reference.swift */ = {isa = PBXFileReference; lastKnownFileType = sourcecode.swift; path = Reference.swift; sourceTree = "<group>"; };
		7F79EB9E2BCA4B3500844F30 /* Main1View.swift */ = {isa = PBXFileReference; lastKnownFileType = sourcecode.swift; path = Main1View.swift; sourceTree = "<group>"; };
		7F8EC9BE2BCF8F9F00D98C88 /* DesignText.swift */ = {isa = PBXFileReference; lastKnownFileType = sourcecode.swift; path = DesignText.swift; sourceTree = "<group>"; };
		7F9B6B0F2BC8037E00577022 /* My Design Diary.app */ = {isa = PBXFileReference; explicitFileType = wrapper.application; includeInIndex = 0; path = "My Design Diary.app"; sourceTree = BUILT_PRODUCTS_DIR; };
		7F9B6B122BC8037E00577022 /* My_Design_DiaryApp.swift */ = {isa = PBXFileReference; lastKnownFileType = sourcecode.swift; path = My_Design_DiaryApp.swift; sourceTree = "<group>"; };
		7F9B6B142BC8037E00577022 /* ContentView.swift */ = {isa = PBXFileReference; lastKnownFileType = sourcecode.swift; path = ContentView.swift; sourceTree = "<group>"; };
		7F9B6B162BC8037F00577022 /* Assets.xcassets */ = {isa = PBXFileReference; lastKnownFileType = folder.assetcatalog; path = Assets.xcassets; sourceTree = "<group>"; };
		7F9B6B192BC8037F00577022 /* Preview Assets.xcassets */ = {isa = PBXFileReference; lastKnownFileType = folder.assetcatalog; path = "Preview Assets.xcassets"; sourceTree = "<group>"; };
		7F9B6B1F2BC8037F00577022 /* My Design DiaryTests.xctest */ = {isa = PBXFileReference; explicitFileType = wrapper.cfbundle; includeInIndex = 0; path = "My Design DiaryTests.xctest"; sourceTree = BUILT_PRODUCTS_DIR; };
		7F9B6B232BC8037F00577022 /* My_Design_DairyTests.swift */ = {isa = PBXFileReference; lastKnownFileType = sourcecode.swift; path = My_Design_DairyTests.swift; sourceTree = "<group>"; };
		7F9B6B292BC8037F00577022 /* My Design DiaryUITests.xctest */ = {isa = PBXFileReference; explicitFileType = wrapper.cfbundle; includeInIndex = 0; path = "My Design DiaryUITests.xctest"; sourceTree = BUILT_PRODUCTS_DIR; };
		7F9B6B2D2BC8037F00577022 /* My_Design_DairyUITests.swift */ = {isa = PBXFileReference; lastKnownFileType = sourcecode.swift; path = My_Design_DairyUITests.swift; sourceTree = "<group>"; };
		7F9B6B2F2BC8037F00577022 /* My_Design_DairyUITestsLaunchTests.swift */ = {isa = PBXFileReference; lastKnownFileType = sourcecode.swift; path = My_Design_DairyUITestsLaunchTests.swift; sourceTree = "<group>"; };
		7F9B6B442BC810B700577022 /* My-Design-Dairy-Info.plist */ = {isa = PBXFileReference; lastKnownFileType = text.plist; path = "My-Design-Dairy-Info.plist"; sourceTree = SOURCE_ROOT; };
		7FA028262BD0A808008FCC3C /* DesignDetailView.swift */ = {isa = PBXFileReference; lastKnownFileType = sourcecode.swift; path = DesignDetailView.swift; sourceTree = "<group>"; };
		7FDA6BFD2BC8F9AF00CDC71A /* SF-Pro-Text-Regular.otf */ = {isa = PBXFileReference; lastKnownFileType = file; path = "SF-Pro-Text-Regular.otf"; sourceTree = "<group>"; };
		7FDA6BFF2BC8F9C700CDC71A /* SF-Pro-Text-Thin.otf */ = {isa = PBXFileReference; lastKnownFileType = file; path = "SF-Pro-Text-Thin.otf"; sourceTree = "<group>"; };
		7FDA6C012BC8F9D700CDC71A /* SF-Pro-Text-Medium.otf */ = {isa = PBXFileReference; lastKnownFileType = file; path = "SF-Pro-Text-Medium.otf"; sourceTree = "<group>"; };
		7FDA6C032BC8F9EA00CDC71A /* SF-Pro-Text-Semibold.otf */ = {isa = PBXFileReference; lastKnownFileType = file; path = "SF-Pro-Text-Semibold.otf"; sourceTree = "<group>"; };
		7FDA6C052BC8F9FD00CDC71A /* SF-Pro-Text-Bold.otf */ = {isa = PBXFileReference; lastKnownFileType = file; path = "SF-Pro-Text-Bold.otf"; sourceTree = "<group>"; };
		7FDA6C072BC9061A00CDC71A /* Pretendard-Medium.otf */ = {isa = PBXFileReference; lastKnownFileType = file; path = "Pretendard-Medium.otf"; sourceTree = "<group>"; };
		7FDA6C092BC9062400CDC71A /* Pretendard-Bold.otf */ = {isa = PBXFileReference; lastKnownFileType = file; path = "Pretendard-Bold.otf"; sourceTree = "<group>"; };
		7FDA6C0B2BC9185F00CDC71A /* ReferenceView.swift */ = {isa = PBXFileReference; lastKnownFileType = sourcecode.swift; path = ReferenceView.swift; sourceTree = "<group>"; };
		7FDA6C0D2BC9187100CDC71A /* DesignView.swift */ = {isa = PBXFileReference; lastKnownFileType = sourcecode.swift; path = DesignView.swift; sourceTree = "<group>"; };
		7FDA6C0F2BC9187E00CDC71A /* MyView.swift */ = {isa = PBXFileReference; lastKnownFileType = sourcecode.swift; path = MyView.swift; sourceTree = "<group>"; };
		7FDA6C112BCA2EEA00CDC71A /* MainView.swift */ = {isa = PBXFileReference; lastKnownFileType = sourcecode.swift; path = MainView.swift; sourceTree = "<group>"; };
		7FDA6C132BCA325400CDC71A /* UploadView.swift */ = {isa = PBXFileReference; lastKnownFileType = sourcecode.swift; path = UploadView.swift; sourceTree = "<group>"; };
		7FF8AF242BCAA0C30009A30E /* UploadTextView.swift */ = {isa = PBXFileReference; lastKnownFileType = sourcecode.swift; path = UploadTextView.swift; sourceTree = "<group>"; };
/* End PBXFileReference section */

/* Begin PBXFrameworksBuildPhase section */
		7F9B6B0C2BC8037E00577022 /* Frameworks */ = {
			isa = PBXFrameworksBuildPhase;
			buildActionMask = 2147483647;
			files = (
			);
			runOnlyForDeploymentPostprocessing = 0;
		};
		7F9B6B1C2BC8037F00577022 /* Frameworks */ = {
			isa = PBXFrameworksBuildPhase;
			buildActionMask = 2147483647;
			files = (
			);
			runOnlyForDeploymentPostprocessing = 0;
		};
		7F9B6B262BC8037F00577022 /* Frameworks */ = {
			isa = PBXFrameworksBuildPhase;
			buildActionMask = 2147483647;
			files = (
			);
			runOnlyForDeploymentPostprocessing = 0;
		};
/* End PBXFrameworksBuildPhase section */

/* Begin PBXGroup section */
		7F22F3042BCEBDBC00DE88F9 /* Model */ = {
			isa = PBXGroup;
			children = (
				7F22F3002BCE9F2800DE88F9 /* Reference.swift */,
				7F8EC9BE2BCF8F9F00D98C88 /* DesignText.swift */,
			);
			path = Model;
			sourceTree = "<group>";
		};
		7F9B6B062BC8037E00577022 = {
			isa = PBXGroup;
			children = (
				7F9B6B112BC8037E00577022 /* My Design Diary */,
				7F9B6B222BC8037F00577022 /* My Design DairyTests */,
				7F9B6B2C2BC8037F00577022 /* My Design DairyUITests */,
				7F9B6B102BC8037E00577022 /* Products */,
			);
			sourceTree = "<group>";
		};
		7F9B6B102BC8037E00577022 /* Products */ = {
			isa = PBXGroup;
			children = (
				7F9B6B0F2BC8037E00577022 /* My Design Diary.app */,
				7F9B6B1F2BC8037F00577022 /* My Design DiaryTests.xctest */,
				7F9B6B292BC8037F00577022 /* My Design DiaryUITests.xctest */,
			);
			name = Products;
			sourceTree = "<group>";
		};
		7F9B6B112BC8037E00577022 /* My Design Diary */ = {
			isa = PBXGroup;
			children = (
				7F22F3042BCEBDBC00DE88F9 /* Model */,
				7F9B6B442BC810B700577022 /* My-Design-Dairy-Info.plist */,
				7F9B6B3C2BC80C1C00577022 /* font */,
				7F9B6B122BC8037E00577022 /* My_Design_DiaryApp.swift */,
				7FF8AF242BCAA0C30009A30E /* UploadTextView.swift */,
				7F79EB9E2BCA4B3500844F30 /* Main1View.swift */,
				7FDA6C112BCA2EEA00CDC71A /* MainView.swift */,
				7FDA6C0B2BC9185F00CDC71A /* ReferenceView.swift */,
				7FDA6C0D2BC9187100CDC71A /* DesignView.swift */,
				7F22F2982BCD634400DE88F9 /* DesignTextView.swift */,
				7FA028262BD0A808008FCC3C /* DesignDetailView.swift */,
				7FDA6C132BCA325400CDC71A /* UploadView.swift */,
				7F22F26A2BCD006D00DE88F9 /* Upload2View.swift */,
				7FDA6C0F2BC9187E00CDC71A /* MyView.swift */,
				7F9B6B142BC8037E00577022 /* ContentView.swift */,
				7F9B6B162BC8037F00577022 /* Assets.xcassets */,
				7F9B6B182BC8037F00577022 /* Preview Content */,
			);
			path = "My Design Diary";
			sourceTree = "<group>";
		};
		7F9B6B182BC8037F00577022 /* Preview Content */ = {
			isa = PBXGroup;
			children = (
				7F9B6B192BC8037F00577022 /* Preview Assets.xcassets */,
			);
			path = "Preview Content";
			sourceTree = "<group>";
		};
		7F9B6B222BC8037F00577022 /* My Design DairyTests */ = {
			isa = PBXGroup;
			children = (
				7F9B6B232BC8037F00577022 /* My_Design_DairyTests.swift */,
			);
			path = "My Design DairyTests";
			sourceTree = "<group>";
		};
		7F9B6B2C2BC8037F00577022 /* My Design DairyUITests */ = {
			isa = PBXGroup;
			children = (
				7F9B6B2D2BC8037F00577022 /* My_Design_DairyUITests.swift */,
				7F9B6B2F2BC8037F00577022 /* My_Design_DairyUITestsLaunchTests.swift */,
			);
			path = "My Design DairyUITests";
			sourceTree = "<group>";
		};
		7F9B6B3C2BC80C1C00577022 /* font */ = {
			isa = PBXGroup;
			children = (
				7FDA6BFD2BC8F9AF00CDC71A /* SF-Pro-Text-Regular.otf */,
				7FDA6BFF2BC8F9C700CDC71A /* SF-Pro-Text-Thin.otf */,
				7FDA6C012BC8F9D700CDC71A /* SF-Pro-Text-Medium.otf */,
				7FDA6C032BC8F9EA00CDC71A /* SF-Pro-Text-Semibold.otf */,
				7FDA6C052BC8F9FD00CDC71A /* SF-Pro-Text-Bold.otf */,
				7FDA6C072BC9061A00CDC71A /* Pretendard-Medium.otf */,
				7FDA6C092BC9062400CDC71A /* Pretendard-Bold.otf */,
			);
			path = font;
			sourceTree = "<group>";
		};
/* End PBXGroup section */

/* Begin PBXNativeTarget section */
		7F9B6B0E2BC8037E00577022 /* My Design Diary */ = {
			isa = PBXNativeTarget;
			buildConfigurationList = 7F9B6B332BC8037F00577022 /* Build configuration list for PBXNativeTarget "My Design Diary" */;
			buildPhases = (
				7F9B6B0B2BC8037E00577022 /* Sources */,
				7F9B6B0C2BC8037E00577022 /* Frameworks */,
				7F9B6B0D2BC8037E00577022 /* Resources */,
			);
			buildRules = (
			);
			dependencies = (
			);
			name = "My Design Diary";
			productName = "My Design Dairy";
			productReference = 7F9B6B0F2BC8037E00577022 /* My Design Diary.app */;
			productType = "com.apple.product-type.application";
		};
		7F9B6B1E2BC8037F00577022 /* My Design DiaryTests */ = {
			isa = PBXNativeTarget;
			buildConfigurationList = 7F9B6B362BC8037F00577022 /* Build configuration list for PBXNativeTarget "My Design DiaryTests" */;
			buildPhases = (
				7F9B6B1B2BC8037F00577022 /* Sources */,
				7F9B6B1C2BC8037F00577022 /* Frameworks */,
				7F9B6B1D2BC8037F00577022 /* Resources */,
			);
			buildRules = (
			);
			dependencies = (
				7F9B6B212BC8037F00577022 /* PBXTargetDependency */,
			);
			name = "My Design DiaryTests";
			productName = "My Design DairyTests";
			productReference = 7F9B6B1F2BC8037F00577022 /* My Design DiaryTests.xctest */;
			productType = "com.apple.product-type.bundle.unit-test";
		};
		7F9B6B282BC8037F00577022 /* My Design DiaryUITests */ = {
			isa = PBXNativeTarget;
			buildConfigurationList = 7F9B6B392BC8037F00577022 /* Build configuration list for PBXNativeTarget "My Design DiaryUITests" */;
			buildPhases = (
				7F9B6B252BC8037F00577022 /* Sources */,
				7F9B6B262BC8037F00577022 /* Frameworks */,
				7F9B6B272BC8037F00577022 /* Resources */,
			);
			buildRules = (
			);
			dependencies = (
				7F9B6B2B2BC8037F00577022 /* PBXTargetDependency */,
			);
			name = "My Design DiaryUITests";
			productName = "My Design DairyUITests";
			productReference = 7F9B6B292BC8037F00577022 /* My Design DiaryUITests.xctest */;
			productType = "com.apple.product-type.bundle.ui-testing";
		};
/* End PBXNativeTarget section */

/* Begin PBXProject section */
		7F9B6B072BC8037E00577022 /* Project object */ = {
			isa = PBXProject;
			attributes = {
				BuildIndependentTargetsInParallel = 1;
				LastSwiftUpdateCheck = 1530;
				LastUpgradeCheck = 1530;
				TargetAttributes = {
					7F9B6B0E2BC8037E00577022 = {
						CreatedOnToolsVersion = 15.3;
					};
					7F9B6B1E2BC8037F00577022 = {
						CreatedOnToolsVersion = 15.3;
						TestTargetID = 7F9B6B0E2BC8037E00577022;
					};
					7F9B6B282BC8037F00577022 = {
						CreatedOnToolsVersion = 15.3;
						TestTargetID = 7F9B6B0E2BC8037E00577022;
					};
				};
			};
			buildConfigurationList = 7F9B6B0A2BC8037E00577022 /* Build configuration list for PBXProject "My Design Diary" */;
			compatibilityVersion = "Xcode 14.0";
			developmentRegion = en;
			hasScannedForEncodings = 0;
			knownRegions = (
				en,
				Base,
			);
			mainGroup = 7F9B6B062BC8037E00577022;
			productRefGroup = 7F9B6B102BC8037E00577022 /* Products */;
			projectDirPath = "";
			projectRoot = "";
			targets = (
				7F9B6B0E2BC8037E00577022 /* My Design Diary */,
				7F9B6B1E2BC8037F00577022 /* My Design DiaryTests */,
				7F9B6B282BC8037F00577022 /* My Design DiaryUITests */,
			);
		};
/* End PBXProject section */

/* Begin PBXResourcesBuildPhase section */
		7F9B6B0D2BC8037E00577022 /* Resources */ = {
			isa = PBXResourcesBuildPhase;
			buildActionMask = 2147483647;
			files = (
				7F9B6B1A2BC8037F00577022 /* Preview Assets.xcassets in Resources */,
				7FDA6C0A2BC9062400CDC71A /* Pretendard-Bold.otf in Resources */,
				7FDA6C002BC8F9C700CDC71A /* SF-Pro-Text-Thin.otf in Resources */,
				7FDA6C062BC8F9FD00CDC71A /* SF-Pro-Text-Bold.otf in Resources */,
				7FDA6C022BC8F9D700CDC71A /* SF-Pro-Text-Medium.otf in Resources */,
				7FDA6BFE2BC8F9AF00CDC71A /* SF-Pro-Text-Regular.otf in Resources */,
				7F9B6B172BC8037F00577022 /* Assets.xcassets in Resources */,
				7FDA6C042BC8F9EA00CDC71A /* SF-Pro-Text-Semibold.otf in Resources */,
				7FDA6C082BC9061A00CDC71A /* Pretendard-Medium.otf in Resources */,
			);
			runOnlyForDeploymentPostprocessing = 0;
		};
		7F9B6B1D2BC8037F00577022 /* Resources */ = {
			isa = PBXResourcesBuildPhase;
			buildActionMask = 2147483647;
			files = (
			);
			runOnlyForDeploymentPostprocessing = 0;
		};
		7F9B6B272BC8037F00577022 /* Resources */ = {
			isa = PBXResourcesBuildPhase;
			buildActionMask = 2147483647;
			files = (
			);
			runOnlyForDeploymentPostprocessing = 0;
		};
/* End PBXResourcesBuildPhase section */

/* Begin PBXSourcesBuildPhase section */
		7F9B6B0B2BC8037E00577022 /* Sources */ = {
			isa = PBXSourcesBuildPhase;
			buildActionMask = 2147483647;
			files = (
				7FDA6C0E2BC9187100CDC71A /* DesignView.swift in Sources */,
				7F22F3012BCE9F2800DE88F9 /* Reference.swift in Sources */,
				7FDA6C122BCA2EEA00CDC71A /* MainView.swift in Sources */,
				7FA028272BD0A808008FCC3C /* DesignDetailView.swift in Sources */,
				7F9B6B152BC8037E00577022 /* ContentView.swift in Sources */,
				7F22F26B2BCD006D00DE88F9 /* Upload2View.swift in Sources */,
				7F79EB9F2BCA4B3500844F30 /* Main1View.swift in Sources */,
				7FF8AF252BCAA0C30009A30E /* UploadTextView.swift in Sources */,
				7FDA6C102BC9187E00CDC71A /* MyView.swift in Sources */,
				7F8EC9BF2BCF8F9F00D98C88 /* DesignText.swift in Sources */,
				7FDA6C142BCA325400CDC71A /* UploadView.swift in Sources */,
				7FDA6C0C2BC9185F00CDC71A /* ReferenceView.swift in Sources */,
				7F22F2992BCD634500DE88F9 /* DesignTextView.swift in Sources */,
				7F9B6B132BC8037E00577022 /* My_Design_DiaryApp.swift in Sources */,
			);
			runOnlyForDeploymentPostprocessing = 0;
		};
		7F9B6B1B2BC8037F00577022 /* Sources */ = {
			isa = PBXSourcesBuildPhase;
			buildActionMask = 2147483647;
			files = (
				7F9B6B242BC8037F00577022 /* My_Design_DairyTests.swift in Sources */,
			);
			runOnlyForDeploymentPostprocessing = 0;
		};
		7F9B6B252BC8037F00577022 /* Sources */ = {
			isa = PBXSourcesBuildPhase;
			buildActionMask = 2147483647;
			files = (
				7F9B6B302BC8037F00577022 /* My_Design_DairyUITestsLaunchTests.swift in Sources */,
				7F9B6B2E2BC8037F00577022 /* My_Design_DairyUITests.swift in Sources */,
			);
			runOnlyForDeploymentPostprocessing = 0;
		};
/* End PBXSourcesBuildPhase section */

/* Begin PBXTargetDependency section */
		7F9B6B212BC8037F00577022 /* PBXTargetDependency */ = {
			isa = PBXTargetDependency;
			target = 7F9B6B0E2BC8037E00577022 /* My Design Diary */;
			targetProxy = 7F9B6B202BC8037F00577022 /* PBXContainerItemProxy */;
		};
		7F9B6B2B2BC8037F00577022 /* PBXTargetDependency */ = {
			isa = PBXTargetDependency;
			target = 7F9B6B0E2BC8037E00577022 /* My Design Diary */;
			targetProxy = 7F9B6B2A2BC8037F00577022 /* PBXContainerItemProxy */;
		};
/* End PBXTargetDependency section */

/* Begin XCBuildConfiguration section */
		7F9B6B312BC8037F00577022 /* Debug */ = {
			isa = XCBuildConfiguration;
			buildSettings = {
				ALWAYS_SEARCH_USER_PATHS = NO;
				ASSETCATALOG_COMPILER_GENERATE_SWIFT_ASSET_SYMBOL_EXTENSIONS = YES;
				CLANG_ANALYZER_NONNULL = YES;
				CLANG_ANALYZER_NUMBER_OBJECT_CONVERSION = YES_AGGRESSIVE;
				CLANG_CXX_LANGUAGE_STANDARD = "gnu++20";
				CLANG_ENABLE_MODULES = YES;
				CLANG_ENABLE_OBJC_ARC = YES;
				CLANG_ENABLE_OBJC_WEAK = YES;
				CLANG_WARN_BLOCK_CAPTURE_AUTORELEASING = YES;
				CLANG_WARN_BOOL_CONVERSION = YES;
				CLANG_WARN_COMMA = YES;
				CLANG_WARN_CONSTANT_CONVERSION = YES;
				CLANG_WARN_DEPRECATED_OBJC_IMPLEMENTATIONS = YES;
				CLANG_WARN_DIRECT_OBJC_ISA_USAGE = YES_ERROR;
				CLANG_WARN_DOCUMENTATION_COMMENTS = YES;
				CLANG_WARN_EMPTY_BODY = YES;
				CLANG_WARN_ENUM_CONVERSION = YES;
				CLANG_WARN_INFINITE_RECURSION = YES;
				CLANG_WARN_INT_CONVERSION = YES;
				CLANG_WARN_NON_LITERAL_NULL_CONVERSION = YES;
				CLANG_WARN_OBJC_IMPLICIT_RETAIN_SELF = YES;
				CLANG_WARN_OBJC_LITERAL_CONVERSION = YES;
				CLANG_WARN_OBJC_ROOT_CLASS = YES_ERROR;
				CLANG_WARN_QUOTED_INCLUDE_IN_FRAMEWORK_HEADER = YES;
				CLANG_WARN_RANGE_LOOP_ANALYSIS = YES;
				CLANG_WARN_STRICT_PROTOTYPES = YES;
				CLANG_WARN_SUSPICIOUS_MOVE = YES;
				CLANG_WARN_UNGUARDED_AVAILABILITY = YES_AGGRESSIVE;
				CLANG_WARN_UNREACHABLE_CODE = YES;
				CLANG_WARN__DUPLICATE_METHOD_MATCH = YES;
				COPY_PHASE_STRIP = NO;
				DEBUG_INFORMATION_FORMAT = dwarf;
				ENABLE_STRICT_OBJC_MSGSEND = YES;
				ENABLE_TESTABILITY = YES;
				ENABLE_USER_SCRIPT_SANDBOXING = YES;
				GCC_C_LANGUAGE_STANDARD = gnu17;
				GCC_DYNAMIC_NO_PIC = NO;
				GCC_NO_COMMON_BLOCKS = YES;
				GCC_OPTIMIZATION_LEVEL = 0;
				GCC_PREPROCESSOR_DEFINITIONS = (
					"DEBUG=1",
					"$(inherited)",
				);
				GCC_WARN_64_TO_32_BIT_CONVERSION = YES;
				GCC_WARN_ABOUT_RETURN_TYPE = YES_ERROR;
				GCC_WARN_UNDECLARED_SELECTOR = YES;
				GCC_WARN_UNINITIALIZED_AUTOS = YES_AGGRESSIVE;
				GCC_WARN_UNUSED_FUNCTION = YES;
				GCC_WARN_UNUSED_VARIABLE = YES;
				IPHONEOS_DEPLOYMENT_TARGET = 17.4;
				LOCALIZATION_PREFERS_STRING_CATALOGS = YES;
				MTL_ENABLE_DEBUG_INFO = INCLUDE_SOURCE;
				MTL_FAST_MATH = YES;
				ONLY_ACTIVE_ARCH = YES;
				SDKROOT = iphoneos;
				SWIFT_ACTIVE_COMPILATION_CONDITIONS = "DEBUG $(inherited)";
				SWIFT_OPTIMIZATION_LEVEL = "-Onone";
			};
			name = Debug;
		};
		7F9B6B322BC8037F00577022 /* Release */ = {
			isa = XCBuildConfiguration;
			buildSettings = {
				ALWAYS_SEARCH_USER_PATHS = NO;
				ASSETCATALOG_COMPILER_GENERATE_SWIFT_ASSET_SYMBOL_EXTENSIONS = YES;
				CLANG_ANALYZER_NONNULL = YES;
				CLANG_ANALYZER_NUMBER_OBJECT_CONVERSION = YES_AGGRESSIVE;
				CLANG_CXX_LANGUAGE_STANDARD = "gnu++20";
				CLANG_ENABLE_MODULES = YES;
				CLANG_ENABLE_OBJC_ARC = YES;
				CLANG_ENABLE_OBJC_WEAK = YES;
				CLANG_WARN_BLOCK_CAPTURE_AUTORELEASING = YES;
				CLANG_WARN_BOOL_CONVERSION = YES;
				CLANG_WARN_COMMA = YES;
				CLANG_WARN_CONSTANT_CONVERSION = YES;
				CLANG_WARN_DEPRECATED_OBJC_IMPLEMENTATIONS = YES;
				CLANG_WARN_DIRECT_OBJC_ISA_USAGE = YES_ERROR;
				CLANG_WARN_DOCUMENTATION_COMMENTS = YES;
				CLANG_WARN_EMPTY_BODY = YES;
				CLANG_WARN_ENUM_CONVERSION = YES;
				CLANG_WARN_INFINITE_RECURSION = YES;
				CLANG_WARN_INT_CONVERSION = YES;
				CLANG_WARN_NON_LITERAL_NULL_CONVERSION = YES;
				CLANG_WARN_OBJC_IMPLICIT_RETAIN_SELF = YES;
				CLANG_WARN_OBJC_LITERAL_CONVERSION = YES;
				CLANG_WARN_OBJC_ROOT_CLASS = YES_ERROR;
				CLANG_WARN_QUOTED_INCLUDE_IN_FRAMEWORK_HEADER = YES;
				CLANG_WARN_RANGE_LOOP_ANALYSIS = YES;
				CLANG_WARN_STRICT_PROTOTYPES = YES;
				CLANG_WARN_SUSPICIOUS_MOVE = YES;
				CLANG_WARN_UNGUARDED_AVAILABILITY = YES_AGGRESSIVE;
				CLANG_WARN_UNREACHABLE_CODE = YES;
				CLANG_WARN__DUPLICATE_METHOD_MATCH = YES;
				COPY_PHASE_STRIP = NO;
				DEBUG_INFORMATION_FORMAT = "dwarf-with-dsym";
				ENABLE_NS_ASSERTIONS = NO;
				ENABLE_STRICT_OBJC_MSGSEND = YES;
				ENABLE_USER_SCRIPT_SANDBOXING = YES;
				GCC_C_LANGUAGE_STANDARD = gnu17;
				GCC_NO_COMMON_BLOCKS = YES;
				GCC_WARN_64_TO_32_BIT_CONVERSION = YES;
				GCC_WARN_ABOUT_RETURN_TYPE = YES_ERROR;
				GCC_WARN_UNDECLARED_SELECTOR = YES;
				GCC_WARN_UNINITIALIZED_AUTOS = YES_AGGRESSIVE;
				GCC_WARN_UNUSED_FUNCTION = YES;
				GCC_WARN_UNUSED_VARIABLE = YES;
				IPHONEOS_DEPLOYMENT_TARGET = 17.4;
				LOCALIZATION_PREFERS_STRING_CATALOGS = YES;
				MTL_ENABLE_DEBUG_INFO = NO;
				MTL_FAST_MATH = YES;
				SDKROOT = iphoneos;
				SWIFT_COMPILATION_MODE = wholemodule;
				VALIDATE_PRODUCT = YES;
			};
			name = Release;
		};
		7F9B6B342BC8037F00577022 /* Debug */ = {
			isa = XCBuildConfiguration;
			buildSettings = {
				ASSETCATALOG_COMPILER_APPICON_NAME = AppIcon;
				ASSETCATALOG_COMPILER_GLOBAL_ACCENT_COLOR_NAME = AccentColor;
				CODE_SIGN_IDENTITY = "Apple Development";
				CODE_SIGN_STYLE = Automatic;
				CURRENT_PROJECT_VERSION = 1;
				DEVELOPMENT_ASSET_PATHS = "\"My Design Diary/Preview Content\"";
				DEVELOPMENT_TEAM = NC7J6R39HU;
				ENABLE_PREVIEWS = YES;
				GENERATE_INFOPLIST_FILE = YES;
				INFOPLIST_FILE = "My-Design-Dairy-Info.plist";
				INFOPLIST_KEY_UIApplicationSceneManifest_Generation = YES;
				INFOPLIST_KEY_UIApplicationSupportsIndirectInputEvents = YES;
				INFOPLIST_KEY_UILaunchScreen_Generation = YES;
				INFOPLIST_KEY_UIStatusBarStyle = "";
				INFOPLIST_KEY_UISupportedInterfaceOrientations_iPad = "UIInterfaceOrientationPortrait UIInterfaceOrientationPortraitUpsideDown UIInterfaceOrientationLandscapeLeft UIInterfaceOrientationLandscapeRight";
				INFOPLIST_KEY_UISupportedInterfaceOrientations_iPhone = "UIInterfaceOrientationPortrait UIInterfaceOrientationLandscapeLeft UIInterfaceOrientationLandscapeRight";
				LD_RUNPATH_SEARCH_PATHS = (
					"$(inherited)",
					"@executable_path/Frameworks",
				);
				MARKETING_VERSION = 1.0;
				PRODUCT_BUNDLE_IDENTIFIER = "Landmarks.My-Design-Dairy";
				PRODUCT_NAME = "$(TARGET_NAME)";
				PROVISIONING_PROFILE_SPECIFIER = "";
				SWIFT_EMIT_LOC_STRINGS = YES;
				SWIFT_VERSION = 5.0;
				TARGETED_DEVICE_FAMILY = "1,2";
			};
			name = Debug;
		};
		7F9B6B352BC8037F00577022 /* Release */ = {
			isa = XCBuildConfiguration;
			buildSettings = {
				ASSETCATALOG_COMPILER_APPICON_NAME = AppIcon;
				ASSETCATALOG_COMPILER_GLOBAL_ACCENT_COLOR_NAME = AccentColor;
				CODE_SIGN_IDENTITY = "Apple Development";
				CODE_SIGN_STYLE = Automatic;
				CURRENT_PROJECT_VERSION = 1;
				DEVELOPMENT_ASSET_PATHS = "\"My Design Diary/Preview Content\"";
				DEVELOPMENT_TEAM = NC7J6R39HU;
				ENABLE_PREVIEWS = YES;
				GENERATE_INFOPLIST_FILE = YES;
				INFOPLIST_FILE = "My-Design-Dairy-Info.plist";
				INFOPLIST_KEY_UIApplicationSceneManifest_Generation = YES;
				INFOPLIST_KEY_UIApplicationSupportsIndirectInputEvents = YES;
				INFOPLIST_KEY_UILaunchScreen_Generation = YES;
				INFOPLIST_KEY_UIStatusBarStyle = "";
				INFOPLIST_KEY_UISupportedInterfaceOrientations_iPad = "UIInterfaceOrientationPortrait UIInterfaceOrientationPortraitUpsideDown UIInterfaceOrientationLandscapeLeft UIInterfaceOrientationLandscapeRight";
				INFOPLIST_KEY_UISupportedInterfaceOrientations_iPhone = "UIInterfaceOrientationPortrait UIInterfaceOrientationLandscapeLeft UIInterfaceOrientationLandscapeRight";
				LD_RUNPATH_SEARCH_PATHS = (
					"$(inherited)",
					"@executable_path/Frameworks",
				);
				MARKETING_VERSION = 1.0;
				PRODUCT_BUNDLE_IDENTIFIER = "Landmarks.My-Design-Dairy";
				PRODUCT_NAME = "$(TARGET_NAME)";
				PROVISIONING_PROFILE_SPECIFIER = "";
				SWIFT_EMIT_LOC_STRINGS = YES;
				SWIFT_VERSION = 5.0;
				TARGETED_DEVICE_FAMILY = "1,2";
			};
			name = Release;
		};
		7F9B6B372BC8037F00577022 /* Debug */ = {
			isa = XCBuildConfiguration;
			buildSettings = {
				ALWAYS_EMBED_SWIFT_STANDARD_LIBRARIES = YES;
				BUNDLE_LOADER = "$(TEST_HOST)";
				CODE_SIGN_STYLE = Automatic;
				CURRENT_PROJECT_VERSION = 1;
				DEVELOPMENT_TEAM = NC7J6R39HU;
				GENERATE_INFOPLIST_FILE = YES;
				IPHONEOS_DEPLOYMENT_TARGET = 17.4;
				MARKETING_VERSION = 1.0;
				PRODUCT_BUNDLE_IDENTIFIER = "Landmarks.My-Design-DairyTests";
				PRODUCT_NAME = "$(TARGET_NAME)";
				SWIFT_EMIT_LOC_STRINGS = NO;
				SWIFT_VERSION = 5.0;
				TARGETED_DEVICE_FAMILY = "1,2";
				TEST_HOST = "$(BUILT_PRODUCTS_DIR)/My Design Diary.app/$(BUNDLE_EXECUTABLE_FOLDER_PATH)/My Design Diary";
			};
			name = Debug;
		};
		7F9B6B382BC8037F00577022 /* Release */ = {
			isa = XCBuildConfiguration;
			buildSettings = {
				ALWAYS_EMBED_SWIFT_STANDARD_LIBRARIES = YES;
				BUNDLE_LOADER = "$(TEST_HOST)";
				CODE_SIGN_STYLE = Automatic;
				CURRENT_PROJECT_VERSION = 1;
				DEVELOPMENT_TEAM = NC7J6R39HU;
				GENERATE_INFOPLIST_FILE = YES;
				IPHONEOS_DEPLOYMENT_TARGET = 17.4;
				MARKETING_VERSION = 1.0;
				PRODUCT_BUNDLE_IDENTIFIER = "Landmarks.My-Design-DairyTests";
				PRODUCT_NAME = "$(TARGET_NAME)";
				SWIFT_EMIT_LOC_STRINGS = NO;
				SWIFT_VERSION = 5.0;
				TARGETED_DEVICE_FAMILY = "1,2";
				TEST_HOST = "$(BUILT_PRODUCTS_DIR)/My Design Diary.app/$(BUNDLE_EXECUTABLE_FOLDER_PATH)/My Design Diary";
			};
			name = Release;
		};
		7F9B6B3A2BC8037F00577022 /* Debug */ = {
			isa = XCBuildConfiguration;
			buildSettings = {
				ALWAYS_EMBED_SWIFT_STANDARD_LIBRARIES = YES;
				"CODE_SIGN_IDENTITY[sdk=macosx*]" = "Apple Development";
				CODE_SIGN_STYLE = Automatic;
				CURRENT_PROJECT_VERSION = 1;
				DEVELOPMENT_TEAM = NC7J6R39HU;
				GENERATE_INFOPLIST_FILE = YES;
				MARKETING_VERSION = 1.0;
				PRODUCT_BUNDLE_IDENTIFIER = "Landmarks.My-Design-DairyUITests";
				PRODUCT_NAME = "$(TARGET_NAME)";
				SWIFT_EMIT_LOC_STRINGS = NO;
				SWIFT_VERSION = 5.0;
				TARGETED_DEVICE_FAMILY = "1,2";
				TEST_TARGET_NAME = "My Design Dairy";
			};
			name = Debug;
		};
		7F9B6B3B2BC8037F00577022 /* Release */ = {
			isa = XCBuildConfiguration;
			buildSettings = {
				ALWAYS_EMBED_SWIFT_STANDARD_LIBRARIES = YES;
				"CODE_SIGN_IDENTITY[sdk=macosx*]" = "Apple Development";
				CODE_SIGN_STYLE = Automatic;
				CURRENT_PROJECT_VERSION = 1;
				DEVELOPMENT_TEAM = NC7J6R39HU;
				GENERATE_INFOPLIST_FILE = YES;
				MARKETING_VERSION = 1.0;
				PRODUCT_BUNDLE_IDENTIFIER = "Landmarks.My-Design-DairyUITests";
				PRODUCT_NAME = "$(TARGET_NAME)";
				SWIFT_EMIT_LOC_STRINGS = NO;
				SWIFT_VERSION = 5.0;
				TARGETED_DEVICE_FAMILY = "1,2";
				TEST_TARGET_NAME = "My Design Dairy";
			};
			name = Release;
		};
/* End XCBuildConfiguration section */

/* Begin XCConfigurationList section */
		7F9B6B0A2BC8037E00577022 /* Build configuration list for PBXProject "My Design Diary" */ = {
			isa = XCConfigurationList;
			buildConfigurations = (
				7F9B6B312BC8037F00577022 /* Debug */,
				7F9B6B322BC8037F00577022 /* Release */,
			);
			defaultConfigurationIsVisible = 0;
			defaultConfigurationName = Release;
		};
		7F9B6B332BC8037F00577022 /* Build configuration list for PBXNativeTarget "My Design Diary" */ = {
			isa = XCConfigurationList;
			buildConfigurations = (
				7F9B6B342BC8037F00577022 /* Debug */,
				7F9B6B352BC8037F00577022 /* Release */,
			);
			defaultConfigurationIsVisible = 0;
			defaultConfigurationName = Release;
		};
		7F9B6B362BC8037F00577022 /* Build configuration list for PBXNativeTarget "My Design DiaryTests" */ = {
			isa = XCConfigurationList;
			buildConfigurations = (
				7F9B6B372BC8037F00577022 /* Debug */,
				7F9B6B382BC8037F00577022 /* Release */,
			);
			defaultConfigurationIsVisible = 0;
			defaultConfigurationName = Release;
		};
		7F9B6B392BC8037F00577022 /* Build configuration list for PBXNativeTarget "My Design DiaryUITests" */ = {
			isa = XCConfigurationList;
			buildConfigurations = (
				7F9B6B3A2BC8037F00577022 /* Debug */,
				7F9B6B3B2BC8037F00577022 /* Release */,
			);
			defaultConfigurationIsVisible = 0;
			defaultConfigurationName = Release;
		};
/* End XCConfigurationList section */
	};
	rootObject = 7F9B6B072BC8037E00577022 /* Project object */;
}
